// !$*UTF8*$!
{
	archiveVersion = 1;
	classes = {
	};
	objectVersion = 42;
	objects = {

/* Begin PBXFileReference section */
		9322BFC60CD0746E00CC106D /* MultiTouchUIImageView.h */ = {isa = PBXFileReference; fileEncoding = 30; lastKnownFileType = sourcecode.c.h; path = MultiTouchUIImageView.h; sourceTree = "<group>"; };
		9322BFC70CD0746E00CC106D /* MultiTouchUIImageView.m */ = {isa = PBXFileReference; fileEncoding = 30; lastKnownFileType = sourcecode.c.objc; path = MultiTouchUIImageView.m; sourceTree = "<group>"; };
		9322C09C0CD18E3C00CC106D /* UIGLView.h */ = {isa = PBXFileReference; fileEncoding = 30; lastKnownFileType = sourcecode.c.h; path = UIGLView.h; sourceTree = "<group>"; };
		9322C09D0CD18E3C00CC106D /* UIGLView.m */ = {isa = PBXFileReference; fileEncoding = 30; lastKnownFileType = sourcecode.c.objc; path = UIGLView.m; sourceTree = "<group>"; };
		9322C0E50CD18FBD00CC106D /* GLDrawer.h */ = {isa = PBXFileReference; fileEncoding = 4; lastKnownFileType = sourcecode.c.h; path = GLDrawer.h; sourceTree = "<group>"; };
		9322C0E60CD18FBD00CC106D /* GLDrawer.m */ = {isa = PBXFileReference; fileEncoding = 4; lastKnownFileType = sourcecode.c.objc; path = GLDrawer.m; sourceTree = "<group>"; };
		9322C1150CD191AE00CC106D /* move.c */ = {isa = PBXFileReference; fileEncoding = 30; lastKnownFileType = sourcecode.c.c; path = move.c; sourceTree = "<group>"; };
		9322C1230CD191D700CC106D /* move.h */ = {isa = PBXFileReference; fileEncoding = 30; lastKnownFileType = sourcecode.c.h; path = move.h; sourceTree = "<group>"; };
		9322C1240CD191FA00CC106D /* osc.c */ = {isa = PBXFileReference; fileEncoding = 30; lastKnownFileType = sourcecode.c.c; path = osc.c; sourceTree = "<group>"; };
		9322C1250CD191FA00CC106D /* osc.h */ = {isa = PBXFileReference; fileEncoding = 30; lastKnownFileType = sourcecode.c.h; path = osc.h; sourceTree = "<group>"; };
		9353748E0CCC4DE60078ECBC /* main.m */ = {isa = PBXFileReference; fileEncoding = 30; lastKnownFileType = sourcecode.c.objc; path = main.m; sourceTree = "<group>"; };
		9353748F0CCC4DE60078ECBC /* Makefile */ = {isa = PBXFileReference; fileEncoding = 30; lastKnownFileType = sourcecode.make; path = Makefile; sourceTree = "<group>"; };
		935374900CCC4DE60078ECBC /* PartyApplication.h */ = {isa = PBXFileReference; fileEncoding = 30; lastKnownFileType = sourcecode.c.h; path = PartyApplication.h; sourceTree = "<group>"; };
		935374910CCC4DE60078ECBC /* PartyApplication.m */ = {isa = PBXFileReference; fileEncoding = 30; lastKnownFileType = sourcecode.c.objc; path = PartyApplication.m; sourceTree = "<group>"; };
		935374920CCC4DE60078ECBC /* CompleteView.h */ = {isa = PBXFileReference; fileEncoding = 30; lastKnownFileType = sourcecode.c.h; path = CompleteView.h; sourceTree = "<group>"; };
		935374930CCC4DE60078ECBC /* CompleteView.m */ = {isa = PBXFileReference; fileEncoding = 30; lastKnownFileType = sourcecode.c.objc; path = CompleteView.m; sourceTree = "<group>"; };
		935374940CCC4DE60078ECBC /* TurntableGLView.h */ = {isa = PBXFileReference; fileEncoding = 30; lastKnownFileType = sourcecode.c.h; path = TurntableGLView.h; sourceTree = "<group>"; };
		935374950CCC4DE60078ECBC /* TurntableGLView.m */ = {isa = PBXFileReference; fileEncoding = 30; lastKnownFileType = sourcecode.c.objc; path = TurntableGLView.m; sourceTree = "<group>"; };
		935374A60CCC4ED10078ECBC /* MasterAudioController.m */ = {isa = PBXFileReference; fileEncoding = 30; lastKnownFileType = sourcecode.c.objc; path = MasterAudioController.m; sourceTree = "<group>"; };
		935374A70CCC4ED10078ECBC /* AudioQueue.h */ = {isa = PBXFileReference; fileEncoding = 30; lastKnownFileType = sourcecode.c.h; path = AudioQueue.h; sourceTree = "<group>"; };
		935374A80CCC4F310078ECBC /* TurntableAudio.h */ = {isa = PBXFileReference; fileEncoding = 4; lastKnownFileType = sourcecode.c.h; path = TurntableAudio.h; sourceTree = "<group>"; };
		935374A90CCC4F310078ECBC /* TurntableAudio.m */ = {isa = PBXFileReference; fileEncoding = 4; lastKnownFileType = sourcecode.c.objc; path = TurntableAudio.m; sourceTree = "<group>"; };
		935374AA0CCC4F450078ECBC /* TurntableController.h */ = {isa = PBXFileReference; fileEncoding = 4; lastKnownFileType = sourcecode.c.h; path = TurntableController.h; sourceTree = "<group>"; };
		935374AB0CCC4F450078ECBC /* TurntableController.m */ = {isa = PBXFileReference; fileEncoding = 4; lastKnownFileType = sourcecode.c.objc; path = TurntableController.m; sourceTree = "<group>"; };
		935374C00CCC50A70078ECBC /* MasterAudioController.h */ = {isa = PBXFileReference; fileEncoding = 4; lastKnownFileType = sourcecode.c.h; path = MasterAudioController.h; sourceTree = "<group>"; };
		935377160CCC6AC10078ECBC /* CrossFaderView.h */ = {isa = PBXFileReference; fileEncoding = 4; lastKnownFileType = sourcecode.c.h; path = CrossFaderView.h; sourceTree = "<group>"; };
		935377170CCC6AC10078ECBC /* CrossFaderView.m */ = {isa = PBXFileReference; fileEncoding = 4; lastKnownFileType = sourcecode.c.objc; path = CrossFaderView.m; sourceTree = "<group>"; };
		93DAA0330CCEE82300F5D70C /* Stopwatch.h */ = {isa = PBXFileReference; fileEncoding = 4; lastKnownFileType = sourcecode.c.h; path = Stopwatch.h; sourceTree = "<group>"; };
		93DAA0340CCEE82300F5D70C /* Stopwatch.m */ = {isa = PBXFileReference; fileEncoding = 4; lastKnownFileType = sourcecode.c.objc; path = Stopwatch.m; sourceTree = "<group>"; };
		93DAA1200CCF0FE300F5D70C /* Renderer.h */ = {isa = PBXFileReference; fileEncoding = 4; lastKnownFileType = sourcecode.c.h; path = Renderer.h; sourceTree = "<group>"; };
		93DAA1210CCF0FE300F5D70C /* Renderer.m */ = {isa = PBXFileReference; fileEncoding = 4; lastKnownFileType = sourcecode.c.objc; path = Renderer.m; sourceTree = "<group>"; };
/* End PBXFileReference section */

/* Begin PBXGroup section */
		935374840CCC4D960078ECBC = {
			isa = PBXGroup;
			children = (
				9322C09C0CD18E3C00CC106D /* UIGLView.h */,
				9322C09D0CD18E3C00CC106D /* UIGLView.m */,
				9322BFC60CD0746E00CC106D /* MultiTouchUIImageView.h */,
				9322BFC70CD0746E00CC106D /* MultiTouchUIImageView.m */,
				935377160CCC6AC10078ECBC /* CrossFaderView.h */,
				935377170CCC6AC10078ECBC /* CrossFaderView.m */,
				935374A60CCC4ED10078ECBC /* MasterAudioController.m */,
				935374C00CCC50A70078ECBC /* MasterAudioController.h */,
				935374A70CCC4ED10078ECBC /* AudioQueue.h */,
				9353748E0CCC4DE60078ECBC /* main.m */,
				9353748F0CCC4DE60078ECBC /* Makefile */,
				935374900CCC4DE60078ECBC /* PartyApplication.h */,
				935374910CCC4DE60078ECBC /* PartyApplication.m */,
				935374920CCC4DE60078ECBC /* CompleteView.h */,
				935374930CCC4DE60078ECBC /* CompleteView.m */,
				935374940CCC4DE60078ECBC /* TurntableGLView.h */,
				935374950CCC4DE60078ECBC /* TurntableGLView.m */,
				9322C1240CD191FA00CC106D /* osc.c */,
				9322C1250CD191FA00CC106D /* osc.h */,
				9322C1230CD191D700CC106D /* move.h */,
				9322C1150CD191AE00CC106D /* move.c */,
				935374A80CCC4F310078ECBC /* TurntableAudio.h */,
				935374A90CCC4F310078ECBC /* TurntableAudio.m */,
				935374AA0CCC4F450078ECBC /* TurntableController.h */,
				935374AB0CCC4F450078ECBC /* TurntableController.m */,
				93DAA0330CCEE82300F5D70C /* Stopwatch.h */,
				93DAA0340CCEE82300F5D70C /* Stopwatch.m */,
				93DAA1200CCF0FE300F5D70C /* Renderer.h */,
				93DAA1210CCF0FE300F5D70C /* Renderer.m */,
				9322C0E50CD18FBD00CC106D /* GLDrawer.h */,
				9322C0E60CD18FBD00CC106D /* GLDrawer.m */,
			);
			sourceTree = "<group>";
		};
/* End PBXGroup section */

/* Begin PBXProject section */
		935374860CCC4D960078ECBC /* Project object */ = {
			isa = PBXProject;
			buildConfigurationList = 935374870CCC4D960078ECBC /* Build configuration list for PBXProject "iphonedj" */;
			hasScannedForEncodings = 0;
			mainGroup = 935374840CCC4D960078ECBC;
			projectDirPath = "";
			targets = (
			);
		};
/* End PBXProject section */

/* Begin XCBuildConfiguration section */
		935374880CCC4D960078ECBC /* Debug */ = {
			isa = XCBuildConfiguration;
			buildSettings = {
				COPY_PHASE_STRIP = NO;
			};
			name = Debug;
		};
		935374890CCC4D960078ECBC /* Release */ = {
			isa = XCBuildConfiguration;
			buildSettings = {
				COPY_PHASE_STRIP = YES;
			};
			name = Release;
		};
/* End XCBuildConfiguration section */

/* Begin XCConfigurationList section */
		935374870CCC4D960078ECBC /* Build configuration list for PBXProject "iphonedj" */ = {
			isa = XCConfigurationList;
			buildConfigurations = (
				935374880CCC4D960078ECBC /* Debug */,
				935374890CCC4D960078ECBC /* Release */,
			);
			defaultConfigurationIsVisible = 0;
			defaultConfigurationName = Release;
		};
/* End XCConfigurationList section */
	};
	rootObject = 935374860CCC4D960078ECBC /* Project object */;
}
