// !$*UTF8*$!
{
	archiveVersion = 1;
	classes = {
	};
	objectVersion = 42;
	objects = {

/* Begin PBXFileReference section */
		930959A20D711FEF0032D8F3 /* DSPRoutines.h */ = {isa = PBXFileReference; fileEncoding = 4; lastKnownFileType = sourcecode.c.h; path = DSPRoutines.h; sourceTree = "<group>"; };
		930959A30D711FEF0032D8F3 /* DSPRoutines.m */ = {isa = PBXFileReference; fileEncoding = 4; lastKnownFileType = sourcecode.c.objc; path = DSPRoutines.m; sourceTree = "<group>"; };
		930959A50D7120470032D8F3 /* AudioStructures.h */ = {isa = PBXFileReference; fileEncoding = 4; lastKnownFileType = sourcecode.c.h; path = AudioStructures.h; sourceTree = "<group>"; };
		930959D40D7126030032D8F3 /* AudioQueueSink.h */ = {isa = PBXFileReference; fileEncoding = 4; lastKnownFileType = sourcecode.c.h; path = AudioQueueSink.h; sourceTree = "<group>"; };
		930959D50D7126030032D8F3 /* AudioQueueSink.m */ = {isa = PBXFileReference; fileEncoding = 4; lastKnownFileType = sourcecode.c.objc; path = AudioQueueSink.m; sourceTree = "<group>"; };
		930959DA0D7132AC0032D8F3 /* AudioSourceProtocol.h */ = {isa = PBXFileReference; fileEncoding = 4; lastKnownFileType = sourcecode.c.h; path = AudioSourceProtocol.h; sourceTree = "<group>"; };
		930959DB0D713C200032D8F3 /* AudioChainProtocol.h */ = {isa = PBXFileReference; fileEncoding = 4; lastKnownFileType = sourcecode.c.h; path = AudioChainProtocol.h; sourceTree = "<group>"; };
		93870D7D0D72146E008D45ED /* AudioRoutines.h */ = {isa = PBXFileReference; fileEncoding = 4; lastKnownFileType = sourcecode.c.h; path = AudioRoutines.h; sourceTree = "<group>"; };
		93870D7E0D72146E008D45ED /* AudioRoutines.m */ = {isa = PBXFileReference; fileEncoding = 4; lastKnownFileType = sourcecode.c.objc; path = AudioRoutines.m; sourceTree = "<group>"; };
		93870D970D721E2B008D45ED /* AudioNoiseSource.h */ = {isa = PBXFileReference; fileEncoding = 4; lastKnownFileType = sourcecode.c.h; path = AudioNoiseSource.h; sourceTree = "<group>"; };
		93870D980D721E2B008D45ED /* AudioNoiseSource.m */ = {isa = PBXFileReference; fileEncoding = 4; lastKnownFileType = sourcecode.c.objc; path = AudioNoiseSource.m; sourceTree = "<group>"; };
		93870D990D722214008D45ED /* AudioHeaders.h */ = {isa = PBXFileReference; fileEncoding = 4; lastKnownFileType = sourcecode.c.h; path = AudioHeaders.h; sourceTree = "<group>"; };
		93870EFC0D72394F008D45ED /* AudioSilenceSource.h */ = {isa = PBXFileReference; fileEncoding = 4; lastKnownFileType = sourcecode.c.h; path = AudioSilenceSource.h; sourceTree = "<group>"; };
		93870EFD0D72394F008D45ED /* AudioSilenceSource.m */ = {isa = PBXFileReference; fileEncoding = 4; lastKnownFileType = sourcecode.c.objc; path = AudioSilenceSource.m; sourceTree = "<group>"; };
		93870F430D72423D008D45ED /* AudioCompositor.h */ = {isa = PBXFileReference; fileEncoding = 4; lastKnownFileType = sourcecode.c.h; path = AudioCompositor.h; sourceTree = "<group>"; };
		93870F440D72423D008D45ED /* AudioCompositor.m */ = {isa = PBXFileReference; fileEncoding = 4; lastKnownFileType = sourcecode.c.objc; path = AudioCompositor.m; sourceTree = "<group>"; };
		93870F470D726656008D45ED /* AudioSineWaveSource.h */ = {isa = PBXFileReference; fileEncoding = 4; lastKnownFileType = sourcecode.c.h; path = AudioSineWaveSource.h; sourceTree = "<group>"; };
		93870F480D726656008D45ED /* AudioSineWaveSource.m */ = {isa = PBXFileReference; fileEncoding = 4; lastKnownFileType = sourcecode.c.objc; path = AudioSineWaveSource.m; sourceTree = "<group>"; };
		93870F6A0D726E3B008D45ED /* AudioWhiteNoiseSource.h */ = {isa = PBXFileReference; fileEncoding = 4; lastKnownFileType = sourcecode.c.h; path = AudioWhiteNoiseSource.h; sourceTree = "<group>"; };
		93870F6B0D726E3B008D45ED /* AudioWhiteNoiseSource.m */ = {isa = PBXFileReference; fileEncoding = 4; lastKnownFileType = sourcecode.c.objc; path = AudioWhiteNoiseSource.m; sourceTree = "<group>"; };
		93FE97740D767889009BC2BA /* AudioSeekProtocol.h */ = {isa = PBXFileReference; fileEncoding = 4; lastKnownFileType = sourcecode.c.h; path = AudioSeekProtocol.h; sourceTree = "<group>"; };
		93FE97750D7678D0009BC2BA /* AudioWaveSource.h */ = {isa = PBXFileReference; fileEncoding = 4; lastKnownFileType = sourcecode.c.h; path = AudioWaveSource.h; sourceTree = "<group>"; };
		93FE97760D7678D0009BC2BA /* AudioWaveSource.m */ = {isa = PBXFileReference; fileEncoding = 4; lastKnownFileType = sourcecode.c.objc; path = AudioWaveSource.m; sourceTree = "<group>"; };
		93FE97B40D77D994009BC2BA /* EOFException.h */ = {isa = PBXFileReference; fileEncoding = 4; lastKnownFileType = sourcecode.c.h; path = EOFException.h; sourceTree = "<group>"; };
		93FE97B50D77D994009BC2BA /* EOFException.m */ = {isa = PBXFileReference; fileEncoding = 4; lastKnownFileType = sourcecode.c.objc; path = EOFException.m; sourceTree = "<group>"; };
		93FE97E00D77DD89009BC2BA /* AudioEOFProtectingSource.h */ = {isa = PBXFileReference; fileEncoding = 4; lastKnownFileType = sourcecode.c.h; path = AudioEOFProtectingSource.h; sourceTree = "<group>"; };
		93FE97E10D77DD89009BC2BA /* AudioEOFProtectingSource.m */ = {isa = PBXFileReference; fileEncoding = 4; lastKnownFileType = sourcecode.c.objc; path = AudioEOFProtectingSource.m; sourceTree = "<group>"; };
		93FE98AF0D77EFAB009BC2BA /* AudioThreadedForwardBuffer.h */ = {isa = PBXFileReference; fileEncoding = 4; lastKnownFileType = sourcecode.c.h; path = AudioThreadedForwardBuffer.h; sourceTree = "<group>"; };
		93FE98B00D77EFAB009BC2BA /* AudioThreadedForwardBuffer.m */ = {isa = PBXFileReference; fileEncoding = 4; lastKnownFileType = sourcecode.c.objc; path = AudioThreadedForwardBuffer.m; sourceTree = "<group>"; };
		93FE98E10D77F7C5009BC2BA /* BufferTest.h */ = {isa = PBXFileReference; fileEncoding = 4; lastKnownFileType = sourcecode.c.h; path = BufferTest.h; sourceTree = "<group>"; };
		93FE98E20D77F7C5009BC2BA /* BufferTest.m */ = {isa = PBXFileReference; fileEncoding = 4; lastKnownFileType = sourcecode.c.objc; path = BufferTest.m; sourceTree = "<group>"; };
		93FE99340D77FFC6009BC2BA /* AudioPitchFilter.h */ = {isa = PBXFileReference; fileEncoding = 4; lastKnownFileType = sourcecode.c.h; path = AudioPitchFilter.h; sourceTree = "<group>"; };
		93FE99350D77FFC6009BC2BA /* AudioPitchFilter.m */ = {isa = PBXFileReference; fileEncoding = 4; lastKnownFileType = sourcecode.c.objc; path = AudioPitchFilter.m; sourceTree = "<group>"; };
		E2999E930D5394AA004E77CC /* main.m */ = {isa = PBXFileReference; fileEncoding = 4; lastKnownFileType = sourcecode.c.objc; path = main.m; sourceTree = "<group>"; };
		E2999E940D5394AA004E77CC /* MasterAudioController.h */ = {isa = PBXFileReference; fileEncoding = 4; lastKnownFileType = sourcecode.c.h; path = MasterAudioController.h; sourceTree = "<group>"; };
		E2999E950D5394AA004E77CC /* MasterAudioController.m */ = {isa = PBXFileReference; fileEncoding = 4; lastKnownFileType = sourcecode.c.objc; path = MasterAudioController.m; sourceTree = "<group>"; };
		E2999E960D5394AA004E77CC /* MultiTouchUIImageView.h */ = {isa = PBXFileReference; fileEncoding = 4; lastKnownFileType = sourcecode.c.h; path = MultiTouchUIImageView.h; sourceTree = "<group>"; };
		E2999E970D5394AA004E77CC /* MultiTouchUIImageView.m */ = {isa = PBXFileReference; fileEncoding = 4; lastKnownFileType = sourcecode.c.objc; path = MultiTouchUIImageView.m; sourceTree = "<group>"; };
		E2999E980D5394AA004E77CC /* PartyApplication.h */ = {isa = PBXFileReference; fileEncoding = 4; lastKnownFileType = sourcecode.c.h; path = PartyApplication.h; sourceTree = "<group>"; };
		E2999E990D5394AA004E77CC /* PartyApplication.m */ = {isa = PBXFileReference; fileEncoding = 4; lastKnownFileType = sourcecode.c.objc; path = PartyApplication.m; sourceTree = "<group>"; };
		E2999E9A0D5394AA004E77CC /* Renderer.h */ = {isa = PBXFileReference; fileEncoding = 4; lastKnownFileType = sourcecode.c.h; path = Renderer.h; sourceTree = "<group>"; };
		E2999E9B0D5394AA004E77CC /* Renderer.m */ = {isa = PBXFileReference; fileEncoding = 4; lastKnownFileType = sourcecode.c.objc; path = Renderer.m; sourceTree = "<group>"; };
		E2999E9C0D5394AA004E77CC /* Stopwatch.h */ = {isa = PBXFileReference; fileEncoding = 4; lastKnownFileType = sourcecode.c.h; path = Stopwatch.h; sourceTree = "<group>"; };
		E2999E9D0D5394AA004E77CC /* Stopwatch.m */ = {isa = PBXFileReference; fileEncoding = 4; lastKnownFileType = sourcecode.c.objc; path = Stopwatch.m; sourceTree = "<group>"; };
		E2999E9E0D5394AA004E77CC /* TurntableAudio.h */ = {isa = PBXFileReference; fileEncoding = 4; lastKnownFileType = sourcecode.c.h; path = TurntableAudio.h; sourceTree = "<group>"; };
		E2999E9F0D5394AA004E77CC /* TurntableAudio.m */ = {isa = PBXFileReference; fileEncoding = 4; lastKnownFileType = sourcecode.c.objc; path = TurntableAudio.m; sourceTree = "<group>"; };
		E2999EA00D5394AA004E77CC /* TurntableController.h */ = {isa = PBXFileReference; fileEncoding = 4; lastKnownFileType = sourcecode.c.h; path = TurntableController.h; sourceTree = "<group>"; };
		E2999EA10D5394AA004E77CC /* TurntableController.m */ = {isa = PBXFileReference; fileEncoding = 4; lastKnownFileType = sourcecode.c.objc; path = TurntableController.m; sourceTree = "<group>"; };
		E2999EA20D5394AA004E77CC /* TurntableGLView.h */ = {isa = PBXFileReference; fileEncoding = 4; lastKnownFileType = sourcecode.c.h; path = TurntableGLView.h; sourceTree = "<group>"; };
		E2999EA30D5394AA004E77CC /* TurntableGLView.m */ = {isa = PBXFileReference; fileEncoding = 4; lastKnownFileType = sourcecode.c.objc; path = TurntableGLView.m; sourceTree = "<group>"; };
		E2999EA40D5394AA004E77CC /* turntablePitchCode.c */ = {isa = PBXFileReference; fileEncoding = 4; lastKnownFileType = sourcecode.c.c; path = turntablePitchCode.c; sourceTree = "<group>"; };
		E2999EA50D5394AA004E77CC /* UIGLView.h */ = {isa = PBXFileReference; fileEncoding = 4; lastKnownFileType = sourcecode.c.h; path = UIGLView.h; sourceTree = "<group>"; };
		E2999EA60D5394AA004E77CC /* UIGLView.m */ = {isa = PBXFileReference; fileEncoding = 4; lastKnownFileType = sourcecode.c.objc; path = UIGLView.m; sourceTree = "<group>"; };
		E2999EA70D5394D2004E77CC /* Info.plist */ = {isa = PBXFileReference; fileEncoding = 4; lastKnownFileType = text.plist.xml; name = Info.plist; path = resources/Info.plist; sourceTree = "<group>"; };
		E2999EA80D5394D2004E77CC /* icon.png */ = {isa = PBXFileReference; lastKnownFileType = image.png; name = icon.png; path = resources/icon.png; sourceTree = "<group>"; };
		E2999EAA0D5394FB004E77CC /* GLDrawer.m */ = {isa = PBXFileReference; fileEncoding = 4; lastKnownFileType = sourcecode.c.objc; path = GLDrawer.m; sourceTree = "<group>"; };
		E2999EAB0D5394FB004E77CC /* GLDrawer.h */ = {isa = PBXFileReference; fileEncoding = 4; lastKnownFileType = sourcecode.c.h; path = GLDrawer.h; sourceTree = "<group>"; };
		E2999EAC0D5394FB004E77CC /* CrossFaderView.m */ = {isa = PBXFileReference; fileEncoding = 4; lastKnownFileType = sourcecode.c.objc; path = CrossFaderView.m; sourceTree = "<group>"; };
		E2999EAD0D5394FB004E77CC /* CrossFaderView.h */ = {isa = PBXFileReference; fileEncoding = 4; lastKnownFileType = sourcecode.c.h; path = CrossFaderView.h; sourceTree = "<group>"; };
		E2999EAE0D5394FB004E77CC /* CompleteView.m */ = {isa = PBXFileReference; fileEncoding = 4; lastKnownFileType = sourcecode.c.objc; path = CompleteView.m; sourceTree = "<group>"; };
		E2999EAF0D5394FB004E77CC /* CompleteView.h */ = {isa = PBXFileReference; fileEncoding = 4; lastKnownFileType = sourcecode.c.h; path = CompleteView.h; sourceTree = "<group>"; };
		E2999EB00D5394FB004E77CC /* AudioQueue.h */ = {isa = PBXFileReference; fileEncoding = 4; lastKnownFileType = sourcecode.c.h; path = AudioQueue.h; sourceTree = "<group>"; };
		E299A0B00D53E38A004E77CC /* Default.png */ = {isa = PBXFileReference; lastKnownFileType = image.png; name = Default.png; path = resources/Default.png; sourceTree = "<group>"; };
		E29E3CAD0D3D714E00617E16 /* Makefile */ = {isa = PBXFileReference; fileEncoding = 4; lastKnownFileType = sourcecode.make; path = Makefile; sourceTree = "<group>"; };
/* End PBXFileReference section */

/* Begin PBXGroup section */
		19C28FACFE9D520D11CA2CBB /* Products */ = {
			isa = PBXGroup;
			children = (
			);
			name = Products;
			sourceTree = "<group>";
		};
		29B97314FDCFA39411CA2CEA /* Motion */ = {
			isa = PBXGroup;
			children = (
				E29E3CAD0D3D714E00617E16 /* Makefile */,
				E2999EC60D539864004E77CC /* Core Code */,
				E299A0B50D53E60A004E77CC /* User Interface Code */,
				E299A0B60D53E618004E77CC /* Sound Code */,
				29B97317FDCFA39411CA2CEA /* Resources */,
				29B97323FDCFA39411CA2CEA /* Frameworks */,
				19C28FACFE9D520D11CA2CBB /* Products */,
			);
			name = Motion;
			sourceTree = "<group>";
		};
		29B97317FDCFA39411CA2CEA /* Resources */ = {
			isa = PBXGroup;
			children = (
				E2999EA70D5394D2004E77CC /* Info.plist */,
				E2999EA80D5394D2004E77CC /* icon.png */,
				E299A0B00D53E38A004E77CC /* Default.png */,
			);
			name = Resources;
			sourceTree = "<group>";
		};
		29B97323FDCFA39411CA2CEA /* Frameworks */ = {
			isa = PBXGroup;
			children = (
				E2999EB00D5394FB004E77CC /* AudioQueue.h */,
			);
			name = Frameworks;
			sourceTree = "<group>";
		};
		930959A60D7121E70032D8F3 /* Pipeline */ = {
			isa = PBXGroup;
			children = (
				93870F6F0D726F2A008D45ED /* AudioSources */,
				930959D40D7126030032D8F3 /* AudioQueueSink.h */,
				930959D50D7126030032D8F3 /* AudioQueueSink.m */,
				930959DA0D7132AC0032D8F3 /* AudioSourceProtocol.h */,
				93FE97740D767889009BC2BA /* AudioSeekProtocol.h */,
				930959DB0D713C200032D8F3 /* AudioChainProtocol.h */,
				93870F430D72423D008D45ED /* AudioCompositor.h */,
				93870F440D72423D008D45ED /* AudioCompositor.m */,
			);
			name = Pipeline;
			sourceTree = "<group>";
		};
		93870F6F0D726F2A008D45ED /* AudioSources */ = {
			isa = PBXGroup;
			children = (
				93870F470D726656008D45ED /* AudioSineWaveSource.h */,
				93870F480D726656008D45ED /* AudioSineWaveSource.m */,
				93870F6A0D726E3B008D45ED /* AudioWhiteNoiseSource.h */,
				93870F6B0D726E3B008D45ED /* AudioWhiteNoiseSource.m */,
				93870D970D721E2B008D45ED /* AudioNoiseSource.h */,
				93870D980D721E2B008D45ED /* AudioNoiseSource.m */,
				93870EFC0D72394F008D45ED /* AudioSilenceSource.h */,
				93870EFD0D72394F008D45ED /* AudioSilenceSource.m */,
				93FE97750D7678D0009BC2BA /* AudioWaveSource.h */,
				93FE97760D7678D0009BC2BA /* AudioWaveSource.m */,
				93FE97B40D77D994009BC2BA /* EOFException.h */,
				93FE97B50D77D994009BC2BA /* EOFException.m */,
				93FE97E00D77DD89009BC2BA /* AudioEOFProtectingSource.h */,
				93FE97E10D77DD89009BC2BA /* AudioEOFProtectingSource.m */,
				93FE98AF0D77EFAB009BC2BA /* AudioThreadedForwardBuffer.h */,
				93FE98B00D77EFAB009BC2BA /* AudioThreadedForwardBuffer.m */,
				93FE99340D77FFC6009BC2BA /* AudioPitchFilter.h */,
				93FE99350D77FFC6009BC2BA /* AudioPitchFilter.m */,
			);
			name = AudioSources;
			sourceTree = "<group>";
		};
		E2999EC60D539864004E77CC /* Core Code */ = {
			isa = PBXGroup;
			children = (
				E2999E930D5394AA004E77CC /* main.m */,
				E2999E980D5394AA004E77CC /* PartyApplication.h */,
				E2999E990D5394AA004E77CC /* PartyApplication.m */,
			);
			name = "Core Code";
			sourceTree = "<group>";
		};
		E299A0B50D53E60A004E77CC /* User Interface Code */ = {
			isa = PBXGroup;
			children = (
				E2999EAF0D5394FB004E77CC /* CompleteView.h */,
				E2999EAE0D5394FB004E77CC /* CompleteView.m */,
				E2999EAD0D5394FB004E77CC /* CrossFaderView.h */,
				E2999EAC0D5394FB004E77CC /* CrossFaderView.m */,
				E2999E960D5394AA004E77CC /* MultiTouchUIImageView.h */,
				E2999E970D5394AA004E77CC /* MultiTouchUIImageView.m */,
				E2999EA00D5394AA004E77CC /* TurntableController.h */,
				E2999EA10D5394AA004E77CC /* TurntableController.m */,
				E2999EA20D5394AA004E77CC /* TurntableGLView.h */,
				E2999EA30D5394AA004E77CC /* TurntableGLView.m */,
				E2999EA50D5394AA004E77CC /* UIGLView.h */,
				E2999EA60D5394AA004E77CC /* UIGLView.m */,
				E2999EAB0D5394FB004E77CC /* GLDrawer.h */,
				E2999EAA0D5394FB004E77CC /* GLDrawer.m */,
				E2999E9A0D5394AA004E77CC /* Renderer.h */,
				E2999E9B0D5394AA004E77CC /* Renderer.m */,
				E2999E9C0D5394AA004E77CC /* Stopwatch.h */,
				E2999E9D0D5394AA004E77CC /* Stopwatch.m */,
				93FE98E10D77F7C5009BC2BA /* BufferTest.h */,
				93FE98E20D77F7C5009BC2BA /* BufferTest.m */,
			);
			name = "User Interface Code";
			sourceTree = "<group>";
		};
		E299A0B60D53E618004E77CC /* Sound Code */ = {
			isa = PBXGroup;
			children = (
				930959A60D7121E70032D8F3 /* Pipeline */,
				E2999E940D5394AA004E77CC /* MasterAudioController.h */,
				E2999E950D5394AA004E77CC /* MasterAudioController.m */,
				E2999E9E0D5394AA004E77CC /* TurntableAudio.h */,
				E2999E9F0D5394AA004E77CC /* TurntableAudio.m */,
				E2999EA40D5394AA004E77CC /* turntablePitchCode.c */,
				930959A20D711FEF0032D8F3 /* DSPRoutines.h */,
				930959A30D711FEF0032D8F3 /* DSPRoutines.m */,
				930959A50D7120470032D8F3 /* AudioStructures.h */,
				93870D7D0D72146E008D45ED /* AudioRoutines.h */,
				93870D7E0D72146E008D45ED /* AudioRoutines.m */,
				93870D990D722214008D45ED /* AudioHeaders.h */,
			);
			name = "Sound Code";
			sourceTree = "<group>";
		};
/* End PBXGroup section */

/* Begin PBXLegacyTarget section */
		D92591D10C6B42C700BBDBBC /* iDJ */ = {
			isa = PBXLegacyTarget;
			buildArgumentsString = "$(ACTION)";
			buildConfigurationList = D92591D40C6B42CE00BBDBBC /* Build configuration list for PBXLegacyTarget "iDJ" */;
			buildPhases = (
			);
			buildToolPath = /usr/bin/make;
			dependencies = (
			);
			name = iDJ;
			passBuildSettingsInEnvironment = 1;
			productName = Motion;
		};
/* End PBXLegacyTarget section */

/* Begin PBXProject section */
		29B97313FDCFA39411CA2CEA /* Project object */ = {
			isa = PBXProject;
			buildConfigurationList = C01FCF4E08A954540054247B /* Build configuration list for PBXProject "iDJ" */;
			compatibilityVersion = "Xcode 2.4";
			hasScannedForEncodings = 1;
			mainGroup = 29B97314FDCFA39411CA2CEA /* Motion */;
			projectDirPath = "";
			projectRoot = "";
			targets = (
				D92591D10C6B42C700BBDBBC /* iDJ */,
			);
		};
/* End PBXProject section */

/* Begin XCBuildConfiguration section */
		C01FCF4F08A954540054247B /* Debug */ = {
			isa = XCBuildConfiguration;
			buildSettings = {
				ARCHS = arm;
				CC = "/usr/local/iphonedev/bin/arm-apple-darwin-cc";
				CXX = "/usr/local/iphonedev/bin/arm-apple-darwin-cc";
				GCC_WARN_ABOUT_RETURN_TYPE = YES;
				GCC_WARN_UNUSED_VARIABLE = YES;
				LD = "/usr/local/iphonedev/bin/arm-apple-darwin-cc";
				PREBINDING = NO;
				SDKROOT = "/usr/local/arm-apple-darwin";
				SHARED_PRECOMPS_DIR = "/Library/Caches/com.apple.Xcode.iPhone.$(UID)/SharedPrecompiledHeaders";
			};
			name = Debug;
		};
		C01FCF5008A954540054247B /* Release */ = {
			isa = XCBuildConfiguration;
			buildSettings = {
				ARCHS = arm;
				CC = "/usr/local/bin/arm-apple-darwin-gcc";
				CXX = "/usr/local/bin/arm-apple-darwin-gcc";
				GCC_WARN_ABOUT_RETURN_TYPE = YES;
				GCC_WARN_UNUSED_VARIABLE = YES;
				LD = "/usr/local/bin/arm-apple-darwin-gcc";
				PREBINDING = NO;
				SDKROOT = "/usr/local/arm-apple-darwin";
				SHARED_PRECOMPS_DIR = "/Library/Caches/com.apple.Xcode.iPhone.$(UID)/SharedPrecompiledHeaders";
			};
			name = Release;
		};
		D92591D50C6B42CE00BBDBBC /* Debug */ = {
			isa = XCBuildConfiguration;
			buildSettings = {
				COPY_PHASE_STRIP = NO;
				GCC_DYNAMIC_NO_PIC = NO;
				GCC_GENERATE_DEBUGGING_SYMBOLS = YES;
				GCC_OPTIMIZATION_LEVEL = 0;
				PRODUCT_NAME = Motion;
			};
			name = Debug;
		};
		D92591D60C6B42CE00BBDBBC /* Release */ = {
			isa = XCBuildConfiguration;
			buildSettings = {
				COPY_PHASE_STRIP = YES;
				GCC_ENABLE_FIX_AND_CONTINUE = NO;
				GCC_GENERATE_DEBUGGING_SYMBOLS = NO;
				PRODUCT_NAME = iDJ;
				ZERO_LINK = NO;
			};
			name = Release;
		};
/* End XCBuildConfiguration section */

/* Begin XCConfigurationList section */
		C01FCF4E08A954540054247B /* Build configuration list for PBXProject "iDJ" */ = {
			isa = XCConfigurationList;
			buildConfigurations = (
				C01FCF4F08A954540054247B /* Debug */,
				C01FCF5008A954540054247B /* Release */,
			);
			defaultConfigurationIsVisible = 0;
			defaultConfigurationName = Release;
		};
		D92591D40C6B42CE00BBDBBC /* Build configuration list for PBXLegacyTarget "iDJ" */ = {
			isa = XCConfigurationList;
			buildConfigurations = (
				D92591D50C6B42CE00BBDBBC /* Debug */,
				D92591D60C6B42CE00BBDBBC /* Release */,
			);
			defaultConfigurationIsVisible = 0;
			defaultConfigurationName = Release;
		};
/* End XCConfigurationList section */
	};
	rootObject = 29B97313FDCFA39411CA2CEA /* Project object */;
}
